
Microsoft Visual Studio Solution File, Format Version 12.00
# Visual Studio Version 17
VisualStudioVersion = 17.13.35931.197 d17.13
MinimumVisualStudioVersion = 10.0.40219.1
Project("{FAE04EC0-301F-11D3-BF4B-00C04F79EFBC}") = "SupremeComponentsExercise2", "SupremeComponentsExercise2\SupremeComponentsExercise2.csproj", "{BF5EAEE9-55B1-4515-BEF5-684E951273C6}"
EndProject
Global
	GlobalSection(SolutionConfigurationPlatforms) = preSolution
		Debug|Any CPU = Debug|Any CPU
		Release|Any CPU = Release|Any CPU
	EndGlobalSection
	GlobalSection(ProjectConfigurationPlatforms) = postSolution
		{BF5EAEE9-55B1-4515-BEF5-684E951273C6}.Debug|Any CPU.ActiveCfg = Debug|Any CPU
		{BF5EAEE9-55B1-4515-BEF5-684E951273C6}.Debug|Any CPU.Build.0 = Debug|Any CPU
		{BF5EAEE9-55B1-4515-BEF5-684E951273C6}.Release|Any CPU.ActiveCfg = Release|Any CPU
		{BF5EAEE9-55B1-4515-BEF5-684E951273C6}.Release|Any CPU.Build.0 = Release|Any CPU
	EndGlobalSection
	GlobalSection(SolutionProperties) = preSolution
		HideSolutionNode = FALSE
	EndGlobalSection
	GlobalSection(ExtensibilityGlobals) = postSolution
		SolutionGuid = {EB4455F7-1234-423E-8899-726589E5BA48}
	EndGlobalSection
EndGlobal
